
Microsoft Visual Studio Solution File, Format Version 12.00
# Visual Studio Version 16
VisualStudioVersion = 16.0.31105.61
MinimumVisualStudioVersion = 10.0.40219.1
Project("{FAE04EC0-301F-11D3-BF4B-00C04F79EFBC}") = "TraceContextPropagationToKafka", "TraceContextPropagationToKafka\TraceContextPropagationToKafka.csproj", "{7CEAF252-186B-4006-96E0-17753F0A324C}"
EndProject
Global
	GlobalSection(SolutionConfigurationPlatforms) = preSolution
		Debug|Any CPU = Debug|Any CPU
		Release|Any CPU = Release|Any CPU
	EndGlobalSection
	GlobalSection(ProjectConfigurationPlatforms) = postSolution
		{7CEAF252-186B-4006-96E0-17753F0A324C}.Debug|Any CPU.ActiveCfg = Debug|Any CPU
		{7CEAF252-186B-4006-96E0-17753F0A324C}.Debug|Any CPU.Build.0 = Debug|Any CPU
		{7CEAF252-186B-4006-96E0-17753F0A324C}.Release|Any CPU.ActiveCfg = Release|Any CPU
		{7CEAF252-186B-4006-96E0-17753F0A324C}.Release|Any CPU.Build.0 = Release|Any CPU
	EndGlobalSection
	GlobalSection(SolutionProperties) = preSolution
		HideSolutionNode = FALSE
	EndGlobalSection
	GlobalSection(ExtensibilityGlobals) = postSolution
		SolutionGuid = {83F7D9B5-6BEA-4A25-9A54-AC53869DB59D}
	EndGlobalSection
EndGlobal
